// !$*UTF8*$!
{
	archiveVersion = 1;
	classes = {
	};
	objectVersion = 46;
	objects = {

/* Begin PBXBuildFile section */
		72B9A75E1536A92D00F8610D /* UIKit.framework in Frameworks */ = {isa = PBXBuildFile; fileRef = 72B9A75D1536A92D00F8610D /* UIKit.framework */; };
		72B9A7601536A92D00F8610D /* Foundation.framework in Frameworks */ = {isa = PBXBuildFile; fileRef = 72B9A75F1536A92D00F8610D /* Foundation.framework */; };
		72B9A7661536A92D00F8610D /* InfoPlist.strings in Resources */ = {isa = PBXBuildFile; fileRef = 72B9A7641536A92D00F8610D /* InfoPlist.strings */; };
		72B9A7681536A92D00F8610D /* main.m in Sources */ = {isa = PBXBuildFile; fileRef = 72B9A7671536A92D00F8610D /* main.m */; };
		72B9A76C1536A92D00F8610D /* AppDelegate.m in Sources */ = {isa = PBXBuildFile; fileRef = 72B9A76B1536A92D00F8610D /* AppDelegate.m */; };
/* End PBXBuildFile section */

/* Begin PBXFileReference section */
		72B9A7591536A92D00F8610D /* UIPickViewApp.app */ = {isa = PBXFileReference; explicitFileType = wrapper.application; includeInIndex = 0; path = UIPickViewApp.app; sourceTree = BUILT_PRODUCTS_DIR; };
		72B9A75D1536A92D00F8610D /* UIKit.framework */ = {isa = PBXFileReference; lastKnownFileType = wrapper.framework; name = UIKit.framework; path = System/Library/Frameworks/UIKit.framework; sourceTree = SDKROOT; };
		72B9A75F1536A92D00F8610D /* Foundation.framework */ = {isa = PBXFileReference; lastKnownFileType = wrapper.framework; name = Foundation.framework; path = System/Library/Frameworks/Foundation.framework; sourceTree = SDKROOT; };
		72B9A7631536A92D00F8610D /* UIPickViewApp-Info.plist */ = {isa = PBXFileReference; path = "UIPickViewApp-Info.plist"; sourceTree = "<group>"; };
		72B9A7651536A92D00F8610D /* en */ = {isa = PBXFileReference; lastKnownFileType = text.plist.strings; name = en; path = en.lproj/InfoPlist.strings; sourceTree = "<group>"; };
		72B9A7671536A92D00F8610D /* main.m */ = {isa = PBXFileReference; lastKnownFileType = sourcecode.c.objc; path = main.m; sourceTree = "<group>"; };
		72B9A7691536A92D00F8610D /* UIPickViewApp-Prefix.pch */ = {isa = PBXFileReference; path = "UIPickViewApp-Prefix.pch"; sourceTree = "<group>"; };
		72B9A76A1536A92D00F8610D /* AppDelegate.h */ = {isa = PBXFileReference; path = AppDelegate.h; sourceTree = "<group>"; };
		72B9A76B1536A92D00F8610D /* AppDelegate.m */ = {isa = PBXFileReference; lastKnownFileType = sourcecode.c.objc; path = AppDelegate.m; sourceTree = "<group>"; };
/* End PBXFileReference section */

/* Begin PBXFrameworksBuildPhase section */
		72B9A7561536A92D00F8610D /* Frameworks */ = {
			isa = PBXFrameworksBuildPhase;
			buildActionMask = 2147483647;
			files = (
				72B9A75E1536A92D00F8610D /* UIKit.framework in Frameworks */,
				72B9A7601536A92D00F8610D /* Foundation.framework in Frameworks */,
			);
			runOnlyForDeploymentPostprocessing = 0;
		};
/* End PBXFrameworksBuildPhase section */

/* Begin PBXGroup section */
		72B9A74E1536A92C00F8610D = {
			isa = PBXGroup;
			children = (
				72B9A7611536A92D00F8610D /* UIPickViewApp */,
				72B9A75C1536A92D00F8610D /* Frameworks */,
				72B9A75A1536A92D00F8610D /* Products */,
			);
			sourceTree = "<group>";
		};
		72B9A75A1536A92D00F8610D /* Products */ = {
			isa = PBXGroup;
			children = (
				72B9A7591536A92D00F8610D /* UIPickViewApp.app */,
			);
			name = Products;
			sourceTree = "<group>";
		};
		72B9A75C1536A92D00F8610D /* Frameworks */ = {
			isa = PBXGroup;
			children = (
				72B9A75D1536A92D00F8610D /* UIKit.framework */,
				72B9A75F1536A92D00F8610D /* Foundation.framework */,
			);
			name = Frameworks;
			sourceTree = "<group>";
		};
		72B9A7611536A92D00F8610D /* UIPickViewApp */ = {
			isa = PBXGroup;
			children = (
				72B9A76A1536A92D00F8610D /* AppDelegate.h */,
				72B9A76B1536A92D00F8610D /* AppDelegate.m */,
				72B9A7621536A92D00F8610D /* Supporting Files */,
			);
			path = UIPickViewApp;
			sourceTree = "<group>";
		};
		72B9A7621536A92D00F8610D /* Supporting Files */ = {
			isa = PBXGroup;
			children = (
				72B9A7631536A92D00F8610D /* UIPickViewApp-Info.plist */,
				72B9A7641536A92D00F8610D /* InfoPlist.strings */,
				72B9A7671536A92D00F8610D /* main.m */,
				72B9A7691536A92D00F8610D /* UIPickViewApp-Prefix.pch */,
			);
			name = "Supporting Files";
			sourceTree = "<group>";
		};
/* End PBXGroup section */

/* Begin PBXNativeTarget section */
		72B9A7581536A92D00F8610D /* UIPickViewApp */ = {
			isa = PBXNativeTarget;
			buildConfigurationList = 72B9A76F1536A92D00F8610D /* Build configuration list for PBXNativeTarget "UIPickViewApp" */;
			buildPhases = (
				72B9A7551536A92D00F8610D /* Sources */,
				72B9A7561536A92D00F8610D /* Frameworks */,
				72B9A7571536A92D00F8610D /* Resources */,
			);
			buildRules = (
			);
			dependencies = (
			);
			name = UIPickViewApp;
			productName = UIPickViewApp;
			productReference = 72B9A7591536A92D00F8610D /* UIPickViewApp.app */;
			productType = "com.apple.product-type.application";
		};
/* End PBXNativeTarget section */

/* Begin PBXProject section */
		72B9A7501536A92C00F8610D /* Project object */ = {
			isa = PBXProject;
			attributes = {
				LastUpgradeCheck = 0420;
			};
			buildConfigurationList = 72B9A7531536A92C00F8610D /* Build configuration list for PBXProject "UIPickViewApp" */;
			compatibilityVersion = "Xcode 3.2";
			developmentRegion = English;
			hasScannedForEncodings = 0;
			knownRegions = (
				en,
			);
			mainGroup = 72B9A74E1536A92C00F8610D;
			productRefGroup = 72B9A75A1536A92D00F8610D /* Products */;
			projectDirPath = "";
			projectRoot = "";
			targets = (
				72B9A7581536A92D00F8610D /* UIPickViewApp */,
			);
		};
/* End PBXProject section */

/* Begin PBXResourcesBuildPhase section */
		72B9A7571536A92D00F8610D /* Resources */ = {
			isa = PBXResourcesBuildPhase;
			buildActionMask = 2147483647;
			files = (
				72B9A7661536A92D00F8610D /* InfoPlist.strings in Resources */,
			);
			runOnlyForDeploymentPostprocessing = 0;
		};
/* End PBXResourcesBuildPhase section */

/* Begin PBXSourcesBuildPhase section */
		72B9A7551536A92D00F8610D /* Sources */ = {
			isa = PBXSourcesBuildPhase;
			buildActionMask = 2147483647;
			files = (
				72B9A7681536A92D00F8610D /* main.m in Sources */,
				72B9A76C1536A92D00F8610D /* AppDelegate.m in Sources */,
			);
			runOnlyForDeploymentPostprocessing = 0;
		};
/* End PBXSourcesBuildPhase section */

/* Begin PBXVariantGroup section */
		72B9A7641536A92D00F8610D /* InfoPlist.strings */ = {
			isa = PBXVariantGroup;
			children = (
				72B9A7651536A92D00F8610D /* en */,
			);
			name = InfoPlist.strings;
			sourceTree = "<group>";
		};
/* End PBXVariantGroup section */

/* Begin XCBuildConfiguration section */
		72B9A76D1536A92D00F8610D /* Debug */ = {
			isa = XCBuildConfiguration;
			buildSettings = {
				ALWAYS_SEARCH_USER_PATHS = NO;
				ARCHS = "$(ARCHS_STANDARD_32_BIT)";
				"CODE_SIGN_IDENTITY[sdk=iphoneos*]" = "iPhone Developer";
				COPY_PHASE_STRIP = NO;
				GCC_C_LANGUAGE_STANDARD = gnu99;
				GCC_DYNAMIC_NO_PIC = NO;
				GCC_OPTIMIZATION_LEVEL = 0;
				GCC_PREPROCESSOR_DEFINITIONS = (
					"DEBUG=1",
					"$(inherited)",
				);
				GCC_SYMBOLS_PRIVATE_EXTERN = NO;
				GCC_VERSION = com.apple.compilers.llvm.clang.1_0;
				GCC_WARN_ABOUT_MISSING_PROTOTYPES = YES;
				GCC_WARN_ABOUT_RETURN_TYPE = YES;
				GCC_WARN_UNUSED_VARIABLE = YES;
				IPHONEOS_DEPLOYMENT_TARGET = 5.0;
				SDKROOT = iphoneos;
			};
			name = Debug;
		};
		72B9A76E1536A92D00F8610D /* Release */ = {
			isa = XCBuildConfiguration;
			buildSettings = {
				ALWAYS_SEARCH_USER_PATHS = NO;
				ARCHS = "$(ARCHS_STANDARD_32_BIT)";
				"CODE_SIGN_IDENTITY[sdk=iphoneos*]" = "iPhone Developer";
				COPY_PHASE_STRIP = YES;
				GCC_C_LANGUAGE_STANDARD = gnu99;
				GCC_VERSION = com.apple.compilers.llvm.clang.1_0;
				GCC_WARN_ABOUT_MISSING_PROTOTYPES = YES;
				GCC_WARN_ABOUT_RETURN_TYPE = YES;
				GCC_WARN_UNUSED_VARIABLE = YES;
				IPHONEOS_DEPLOYMENT_TARGET = 5.0;
				OTHER_CFLAGS = "-DNS_BLOCK_ASSERTIONS=1";
				SDKROOT = iphoneos;
				VALIDATE_PRODUCT = YES;
			};
			name = Release;
		};
		72B9A7701536A92D00F8610D /* Debug */ = {
			isa = XCBuildConfiguration;
			buildSettings = {
				GCC_PRECOMPILE_PREFIX_HEADER = YES;
				GCC_PREFIX_HEADER = "UIPickViewApp/UIPickViewApp-Prefix.pch";
				INFOPLIST_FILE = "UIPickViewApp/UIPickViewApp-Info.plist";
				PRODUCT_NAME = "$(TARGET_NAME)";
				WRAPPER_EXTENSION = app;
			};
			name = Debug;
		};
		72B9A7711536A92D00F8610D /* Release */ = {
			isa = XCBuildConfiguration;
			buildSettings = {
				GCC_PRECOMPILE_PREFIX_HEADER = YES;
				GCC_PREFIX_HEADER = "UIPickViewApp/UIPickViewApp-Prefix.pch";
				INFOPLIST_FILE = "UIPickViewApp/UIPickViewApp-Info.plist";
				PRODUCT_NAME = "$(TARGET_NAME)";
				WRAPPER_EXTENSION = app;
			};
			name = Release;
		};
/* End XCBuildConfiguration section */

/* Begin XCConfigurationList section */
		72B9A7531536A92C00F8610D /* Build configuration list for PBXProject "UIPickViewApp" */ = {
			isa = XCConfigurationList;
			buildConfigurations = (
				72B9A76D1536A92D00F8610D /* Debug */,
				72B9A76E1536A92D00F8610D /* Release */,
			);
			defaultConfigurationIsVisible = 0;
			defaultConfigurationName = Release;
		};
		72B9A76F1536A92D00F8610D /* Build configuration list for PBXNativeTarget "UIPickViewApp" */ = {
			isa = XCConfigurationList;
			buildConfigurations = (
				72B9A7701536A92D00F8610D /* Debug */,
				72B9A7711536A92D00F8610D /* Release */,
			);
			defaultConfigurationIsVisible = 0;
		};
/* End XCConfigurationList section */
	};
	rootObject = 72B9A7501536A92C00F8610D /* Project object */;
}
